{
  "lockfileVersion": 2,
  "configVersion": 0,
  "workspaces": {
    "": {
      "name": "@projectcues/producer-cue",
      "dependencies": {
        "@nordcraft/core": "file:vendor/@nordcraft/core",
        "@nordcraft/lib": "file:vendor/@nordcraft/lib",
        "@nordcraft/runtime": "file:vendor/@nordcraft/runtime",
        "@nordcraft/ssr": "file:vendor/@nordcraft/ssr",
      },
    },
  },
  "packages": {
    "@nordcraft/core": ["@nordcraft/core@file:vendor/@nordcraft/core", { "dependencies": { "zod": "4.2.1" } }],

    "@nordcraft/lib": ["@nordcraft/std-lib@file:vendor/@nordcraft/lib", { "dependencies": { "@nordcraft/core": "file:../core", "fast-deep-equal": "3.1.3" }, "devDependencies": { "@types/node": "26.1.0", "jsonschema": "1.5.0" } }],

    "@nordcraft/runtime": ["@nordcraft/runtime@file:vendor/@nordcraft/runtime", { "dependencies": { "@nordcraft/core": "file:../core", "@nordcraft/std-lib": "file:../lib", "fast-deep-equal": "3.1.3", "modern-screenshot": "4.7.0", "path-to-regexp": "6.3.0" } }],

    "@nordcraft/ssr": ["@nordcraft/ssr@file:vendor/@nordcraft/ssr", { "dependencies": { "@nordcraft/core": "file:../core", "@nordcraft/std-lib": "file:../lib", "cookie": "1.0.2", "fast-deep-equal": "3.1.3", "xss": "1.0.15" } }],

    "@types/node": ["@types/node@26.1.0", "", { "dependencies": { "undici-types": "~8.3.0" } }, "sha512-O0A1G3xPGy4w7AgQdAQYUlQ+BKk2Oovw8eRpofyp5KdBZULnbe+WqaOVNrm705SHphCiG4XHsACrSmPu1f+Kgw=="],

    "commander": ["commander@2.20.3", "", {}, "sha512-GpVkmM8vF2vQUkj2LvZmD35JxeJOLCwJ9cUkugyk2nuhbv3+mJvpLYYt+0+USMxE+oj+ey/lJEnhZw75x/OMcQ=="],

    "cookie": ["cookie@1.0.2", "", {}, "sha512-9Kr/j4O16ISv8zBBhJoi4bXOYNTkFLOqSL3UDB0njXxCXNezjeyVrJyGOWtgfs/q2km1gwBcfH8q1yEGoMYunA=="],

    "cssfilter": ["cssfilter@0.0.10", "", {}, "sha512-FAaLDaplstoRsDR8XGYH51znUN0UY7nMc6Z9/fvE8EXGwvJE9hu7W2vHwx1+bd6gCYnln9nLbzxFTrcO9YQDZw=="],

    "fast-deep-equal": ["fast-deep-equal@3.1.3", "", {}, "sha512-f3qQ9oQy9j2AhBe/H9VC91wLmKBCCU/gDOnKNAYG5hswO7BLKj09Hc5HYNz9cGI++xlpDCIgDaitVs03ATR84Q=="],

    "jsonschema": ["jsonschema@1.5.0", "", {}, "sha512-K+A9hhqbn0f3pJX17Q/7H6yQfD/5OXgdrR5UE12gMXCiN9D5Xq2o5mddV2QEcX/bjla99ASsAAQUyMCCRWAEhw=="],

    "modern-screenshot": ["modern-screenshot@4.7.0", "", {}, "sha512-9YxN+ddPSMMlhylOv25VHzXrl9u67QRxoh7+SEewGtgUw7t6hHTrjptSDJUSne9oG4Xk/h2cwG15nIt4Hc9ujg=="],

    "path-to-regexp": ["path-to-regexp@6.3.0", "", {}, "sha512-Yhpw4T9C6hPpgPeA28us07OJeqZ5EzQTkbfwuhsUg0c237RomFoETJgmp2sa3F/41gfLE6G5cqcYwznmeEeOlQ=="],

    "undici-types": ["undici-types@8.3.0", "", {}, "sha512-j375ScV60dom+YkPFIfTLcOiPxkN/buHz5GobjLhixFuANaNs3C9l4GmrWqejgXWJ7BbJcFYpTEUkS1Ge8bpZQ=="],

    "xss": ["xss@1.0.15", "", { "dependencies": { "commander": "^2.20.3", "cssfilter": "0.0.10" }, "bin": { "xss": "bin/xss" } }, "sha512-FVdlVVC67WOIPvfOwhoMETV72f6GbW7aOabBC3WxN/oUdoEMDyLz4OgRv5/gck2ZeNqEQu+Tb0kloovXOfpYVg=="],

    "zod": ["zod@4.2.1", "", {}, "sha512-0wZ1IRqGGhMP76gLqz8EyfBXKk0J2qo2+H3fi4mcUP/KtTocoX08nmIAHl1Z2kJIZbZee8KOpBCSNPRgauucjw=="],

    "@nordcraft/lib/@nordcraft/core": ["@nordcraft/core@file:vendor/@nordcraft/core", {}],

    "@nordcraft/runtime/@nordcraft/core": ["@nordcraft/core@file:vendor/@nordcraft/core", {}],

    "@nordcraft/runtime/@nordcraft/std-lib": ["@nordcraft/std-lib@file:vendor/@nordcraft/lib", {}],

    "@nordcraft/ssr/@nordcraft/core": ["@nordcraft/core@file:vendor/@nordcraft/core", {}],

    "@nordcraft/ssr/@nordcraft/std-lib": ["@nordcraft/std-lib@file:vendor/@nordcraft/lib", {}],
  }
}
